// !$*UTF8*$!
{
	archiveVersion = 1;
	classes = {
	};
	objectVersion = 56;
	objects = {

/* Begin PBXBuildFile section */
		6F91DA8F2D5D0D5700C551CB /* CustomMeshGradient.swift in Sources */ = {isa = PBXBuildFile; fileRef = 6F91DA8E2D5D0D5700C551CB /* CustomMeshGradient.swift */; };
		6F91DA912D5D102C00C551CB /* RandomMeshFigure.swift in Sources */ = {isa = PBXBuildFile; fileRef = 6F91DA902D5D102C00C551CB /* RandomMeshFigure.swift */; };
		6F91DA942D6094EE00C551CB /* Color+Extension.swift in Sources */ = {isa = PBXBuildFile; fileRef = 6F91DA922D6094EE00C551CB /* Color+Extension.swift */; };
		6F91DA952D6094EE00C551CB /* PlaformColor+Extension.swift in Sources */ = {isa = PBXBuildFile; fileRef = 6F91DA932D6094EE00C551CB /* PlaformColor+Extension.swift */; };
		6F96265F2D65B15B0026E9DB /* SwipeView.swift in Sources */ = {isa = PBXBuildFile; fileRef = 6F96265E2D65B1550026E9DB /* SwipeView.swift */; };
		6F9626622D65BA430026E9DB /* CardView.swift in Sources */ = {isa = PBXBuildFile; fileRef = 6F9626612D65BA3E0026E9DB /* CardView.swift */; };
		6F9626642D65BA690026E9DB /* CardModel.swift in Sources */ = {isa = PBXBuildFile; fileRef = 6F9626632D65BA670026E9DB /* CardModel.swift */; };
		6F9626672D65C7B60026E9DB /* MeshGradientCollectionView.swift in Sources */ = {isa = PBXBuildFile; fileRef = 6F9626662D65C7B60026E9DB /* MeshGradientCollectionView.swift */; };
		6F9626692D65E6410026E9DB /* FullScreenView.swift in Sources */ = {isa = PBXBuildFile; fileRef = 6F9626682D65E6410026E9DB /* FullScreenView.swift */; };
		6FD2C8412BCD003F00844668 /* ColoramaApp.swift in Sources */ = {isa = PBXBuildFile; fileRef = 6FD2C8402BCD003F00844668 /* ColoramaApp.swift */; };
		6FD2C8432BCD003F00844668 /* MeshGradientListView.swift in Sources */ = {isa = PBXBuildFile; fileRef = 6FD2C8422BCD003F00844668 /* MeshGradientListView.swift */; };
		6FD2C8452BCD004000844668 /* Assets.xcassets in Resources */ = {isa = PBXBuildFile; fileRef = 6FD2C8442BCD004000844668 /* Assets.xcassets */; };
		6FD2C8482BCD004000844668 /* Preview Assets.xcassets in Resources */ = {isa = PBXBuildFile; fileRef = 6FD2C8472BCD004000844668 /* Preview Assets.xcassets */; };
/* End PBXBuildFile section */

/* Begin PBXFileReference section */
		6F91DA8E2D5D0D5700C551CB /* CustomMeshGradient.swift */ = {isa = PBXFileReference; lastKnownFileType = sourcecode.swift; path = CustomMeshGradient.swift; sourceTree = "<group>"; };
		6F91DA902D5D102C00C551CB /* RandomMeshFigure.swift */ = {isa = PBXFileReference; lastKnownFileType = sourcecode.swift; path = RandomMeshFigure.swift; sourceTree = "<group>"; };
		6F91DA922D6094EE00C551CB /* Color+Extension.swift */ = {isa = PBXFileReference; lastKnownFileType = sourcecode.swift; path = "Color+Extension.swift"; sourceTree = "<group>"; };
		6F91DA932D6094EE00C551CB /* PlaformColor+Extension.swift */ = {isa = PBXFileReference; lastKnownFileType = sourcecode.swift; path = "PlaformColor+Extension.swift"; sourceTree = "<group>"; };
		6F96265E2D65B1550026E9DB /* SwipeView.swift */ = {isa = PBXFileReference; lastKnownFileType = sourcecode.swift; path = SwipeView.swift; sourceTree = "<group>"; };
		6F9626612D65BA3E0026E9DB /* CardView.swift */ = {isa = PBXFileReference; lastKnownFileType = sourcecode.swift; path = CardView.swift; sourceTree = "<group>"; };
		6F9626632D65BA670026E9DB /* CardModel.swift */ = {isa = PBXFileReference; lastKnownFileType = sourcecode.swift; path = CardModel.swift; sourceTree = "<group>"; };
		6F9626662D65C7B60026E9DB /* MeshGradientCollectionView.swift */ = {isa = PBXFileReference; lastKnownFileType = sourcecode.swift; path = MeshGradientCollectionView.swift; sourceTree = "<group>"; };
		6F9626682D65E6410026E9DB /* FullScreenView.swift */ = {isa = PBXFileReference; lastKnownFileType = sourcecode.swift; path = FullScreenView.swift; sourceTree = "<group>"; };
		6FD2C83D2BCD003F00844668 /* Colorama.app */ = {isa = PBXFileReference; explicitFileType = wrapper.application; includeInIndex = 0; path = Colorama.app; sourceTree = BUILT_PRODUCTS_DIR; };
		6FD2C8402BCD003F00844668 /* ColoramaApp.swift */ = {isa = PBXFileReference; lastKnownFileType = sourcecode.swift; path = ColoramaApp.swift; sourceTree = "<group>"; };
		6FD2C8422BCD003F00844668 /* MeshGradientListView.swift */ = {isa = PBXFileReference; lastKnownFileType = sourcecode.swift; path = MeshGradientListView.swift; sourceTree = "<group>"; };
		6FD2C8442BCD004000844668 /* Assets.xcassets */ = {isa = PBXFileReference; lastKnownFileType = folder.assetcatalog; path = Assets.xcassets; sourceTree = "<group>"; };
		6FD2C8472BCD004000844668 /* Preview Assets.xcassets */ = {isa = PBXFileReference; lastKnownFileType = folder.assetcatalog; path = "Preview Assets.xcassets"; sourceTree = "<group>"; };
/* End PBXFileReference section */

/* Begin PBXFrameworksBuildPhase section */
		6FD2C83A2BCD003F00844668 /* Frameworks */ = {
			isa = PBXFrameworksBuildPhase;
			buildActionMask = 2147483647;
			files = (
			);
			runOnlyForDeploymentPostprocessing = 0;
		};
/* End PBXFrameworksBuildPhase section */

/* Begin PBXGroup section */
		6F2B59832D60FB4600F30C74 /* Extensions */ = {
			isa = PBXGroup;
			children = (
				6F91DA922D6094EE00C551CB /* Color+Extension.swift */,
				6F91DA932D6094EE00C551CB /* PlaformColor+Extension.swift */,
			);
			path = Extensions;
			sourceTree = "<group>";
		};
		6F9626602D65BA2E0026E9DB /* Swiper */ = {
			isa = PBXGroup;
			children = (
				6F9626632D65BA670026E9DB /* CardModel.swift */,
				6F9626612D65BA3E0026E9DB /* CardView.swift */,
				6F96265E2D65B1550026E9DB /* SwipeView.swift */,
			);
			path = Swiper;
			sourceTree = "<group>";
		};
		6F9626652D65C4300026E9DB /* MeshGradients */ = {
			isa = PBXGroup;
			children = (
				6FD2C8422BCD003F00844668 /* MeshGradientListView.swift */,
				6F91DA8E2D5D0D5700C551CB /* CustomMeshGradient.swift */,
				6F91DA902D5D102C00C551CB /* RandomMeshFigure.swift */,
				6F9626662D65C7B60026E9DB /* MeshGradientCollectionView.swift */,
				6F9626682D65E6410026E9DB /* FullScreenView.swift */,
			);
			path = MeshGradients;
			sourceTree = "<group>";
		};
		6FD2C8342BCD003F00844668 = {
			isa = PBXGroup;
			children = (
				6FD2C83F2BCD003F00844668 /* Colorama */,
				6FD2C83E2BCD003F00844668 /* Products */,
			);
			sourceTree = "<group>";
		};
		6FD2C83E2BCD003F00844668 /* Products */ = {
			isa = PBXGroup;
			children = (
				6FD2C83D2BCD003F00844668 /* Colorama.app */,
			);
			name = Products;
			sourceTree = "<group>";
		};
		6FD2C83F2BCD003F00844668 /* Colorama */ = {
			isa = PBXGroup;
			children = (
				6F2B59832D60FB4600F30C74 /* Extensions */,
				6F9626602D65BA2E0026E9DB /* Swiper */,
				6F9626652D65C4300026E9DB /* MeshGradients */,
				6FD2C8402BCD003F00844668 /* ColoramaApp.swift */,
				6FD2C8442BCD004000844668 /* Assets.xcassets */,
				6FD2C8462BCD004000844668 /* Preview Content */,
			);
			path = Colorama;
			sourceTree = "<group>";
		};
		6FD2C8462BCD004000844668 /* Preview Content */ = {
			isa = PBXGroup;
			children = (
				6FD2C8472BCD004000844668 /* Preview Assets.xcassets */,
			);
			path = "Preview Content";
			sourceTree = "<group>";
		};
/* End PBXGroup section */

/* Begin PBXNativeTarget section */
		6FD2C83C2BCD003F00844668 /* Colorama */ = {
			isa = PBXNativeTarget;
			buildConfigurationList = 6FD2C84B2BCD004000844668 /* Build configuration list for PBXNativeTarget "Colorama" */;
			buildPhases = (
				6FD2C8392BCD003F00844668 /* Sources */,
				6FD2C83A2BCD003F00844668 /* Frameworks */,
				6FD2C83B2BCD003F00844668 /* Resources */,
			);
			buildRules = (
			);
			dependencies = (
			);
			name = Colorama;
			productName = Colorama;
			productReference = 6FD2C83D2BCD003F00844668 /* Colorama.app */;
			productType = "com.apple.product-type.application";
		};
/* End PBXNativeTarget section */

/* Begin PBXProject section */
		6FD2C8352BCD003F00844668 /* Project object */ = {
			isa = PBXProject;
			attributes = {
				BuildIndependentTargetsInParallel = 1;
				LastSwiftUpdateCheck = 1530;
				LastUpgradeCheck = 1530;
				TargetAttributes = {
					6FD2C83C2BCD003F00844668 = {
						CreatedOnToolsVersion = 15.3;
					};
				};
			};
			buildConfigurationList = 6FD2C8382BCD003F00844668 /* Build configuration list for PBXProject "Colorama" */;
			compatibilityVersion = "Xcode 14.0";
			developmentRegion = en;
			hasScannedForEncodings = 0;
			knownRegions = (
				en,
				Base,
			);
			mainGroup = 6FD2C8342BCD003F00844668;
			productRefGroup = 6FD2C83E2BCD003F00844668 /* Products */;
			projectDirPath = "";
			projectRoot = "";
			targets = (
				6FD2C83C2BCD003F00844668 /* Colorama */,
			);
		};
/* End PBXProject section */

/* Begin PBXResourcesBuildPhase section */
		6FD2C83B2BCD003F00844668 /* Resources */ = {
			isa = PBXResourcesBuildPhase;
			buildActionMask = 2147483647;
			files = (
				6FD2C8482BCD004000844668 /* Preview Assets.xcassets in Resources */,
				6FD2C8452BCD004000844668 /* Assets.xcassets in Resources */,
			);
			runOnlyForDeploymentPostprocessing = 0;
		};
/* End PBXResourcesBuildPhase section */

/* Begin PBXSourcesBuildPhase section */
		6FD2C8392BCD003F00844668 /* Sources */ = {
			isa = PBXSourcesBuildPhase;
			buildActionMask = 2147483647;
			files = (
				6F9626692D65E6410026E9DB /* FullScreenView.swift in Sources */,
				6F91DA912D5D102C00C551CB /* RandomMeshFigure.swift in Sources */,
				6F9626622D65BA430026E9DB /* CardView.swift in Sources */,
				6F91DA942D6094EE00C551CB /* Color+Extension.swift in Sources */,
				6F91DA952D6094EE00C551CB /* PlaformColor+Extension.swift in Sources */,
				6FD2C8432BCD003F00844668 /* MeshGradientListView.swift in Sources */,
				6F96265F2D65B15B0026E9DB /* SwipeView.swift in Sources */,
				6F91DA8F2D5D0D5700C551CB /* CustomMeshGradient.swift in Sources */,
				6FD2C8412BCD003F00844668 /* ColoramaApp.swift in Sources */,
				6F9626672D65C7B60026E9DB /* MeshGradientCollectionView.swift in Sources */,
				6F9626642D65BA690026E9DB /* CardModel.swift in Sources */,
			);
			runOnlyForDeploymentPostprocessing = 0;
		};
/* End PBXSourcesBuildPhase section */

/* Begin XCBuildConfiguration section */
		6FD2C8492BCD004000844668 /* Debug */ = {
			isa = XCBuildConfiguration;
			buildSettings = {
				ALWAYS_SEARCH_USER_PATHS = NO;
				ASSETCATALOG_COMPILER_GENERATE_SWIFT_ASSET_SYMBOL_EXTENSIONS = YES;
				CLANG_ANALYZER_NONNULL = YES;
				CLANG_ANALYZER_NUMBER_OBJECT_CONVERSION = YES_AGGRESSIVE;
				CLANG_CXX_LANGUAGE_STANDARD = "gnu++20";
				CLANG_ENABLE_MODULES = YES;
				CLANG_ENABLE_OBJC_ARC = YES;
				CLANG_ENABLE_OBJC_WEAK = YES;
				CLANG_WARN_BLOCK_CAPTURE_AUTORELEASING = YES;
				CLANG_WARN_BOOL_CONVERSION = YES;
				CLANG_WARN_COMMA = YES;
				CLANG_WARN_CONSTANT_CONVERSION = YES;
				CLANG_WARN_DEPRECATED_OBJC_IMPLEMENTATIONS = YES;
				CLANG_WARN_DIRECT_OBJC_ISA_USAGE = YES_ERROR;
				CLANG_WARN_DOCUMENTATION_COMMENTS = YES;
				CLANG_WARN_EMPTY_BODY = YES;
				CLANG_WARN_ENUM_CONVERSION = YES;
				CLANG_WARN_INFINITE_RECURSION = YES;
				CLANG_WARN_INT_CONVERSION = YES;
				CLANG_WARN_NON_LITERAL_NULL_CONVERSION = YES;
				CLANG_WARN_OBJC_IMPLICIT_RETAIN_SELF = YES;
				CLANG_WARN_OBJC_LITERAL_CONVERSION = YES;
				CLANG_WARN_OBJC_ROOT_CLASS = YES_ERROR;
				CLANG_WARN_QUOTED_INCLUDE_IN_FRAMEWORK_HEADER = YES;
				CLANG_WARN_RANGE_LOOP_ANALYSIS = YES;
				CLANG_WARN_STRICT_PROTOTYPES = YES;
				CLANG_WARN_SUSPICIOUS_MOVE = YES;
				CLANG_WARN_UNGUARDED_AVAILABILITY = YES_AGGRESSIVE;
				CLANG_WARN_UNREACHABLE_CODE = YES;
				CLANG_WARN__DUPLICATE_METHOD_MATCH = YES;
				COPY_PHASE_STRIP = NO;
				DEBUG_INFORMATION_FORMAT = dwarf;
				ENABLE_STRICT_OBJC_MSGSEND = YES;
				ENABLE_TESTABILITY = YES;
				ENABLE_USER_SCRIPT_SANDBOXING = YES;
				GCC_C_LANGUAGE_STANDARD = gnu17;
				GCC_DYNAMIC_NO_PIC = NO;
				GCC_NO_COMMON_BLOCKS = YES;
				GCC_OPTIMIZATION_LEVEL = 0;
				GCC_PREPROCESSOR_DEFINITIONS = (
					"DEBUG=1",
					"$(inherited)",
				);
				GCC_WARN_64_TO_32_BIT_CONVERSION = YES;
				GCC_WARN_ABOUT_RETURN_TYPE = YES_ERROR;
				GCC_WARN_UNDECLARED_SELECTOR = YES;
				GCC_WARN_UNINITIALIZED_AUTOS = YES_AGGRESSIVE;
				GCC_WARN_UNUSED_FUNCTION = YES;
				GCC_WARN_UNUSED_VARIABLE = YES;
				IPHONEOS_DEPLOYMENT_TARGET = 17.4;
				LOCALIZATION_PREFERS_STRING_CATALOGS = YES;
				MTL_ENABLE_DEBUG_INFO = INCLUDE_SOURCE;
				MTL_FAST_MATH = YES;
				ONLY_ACTIVE_ARCH = YES;
				SDKROOT = iphoneos;
				SWIFT_ACTIVE_COMPILATION_CONDITIONS = "DEBUG $(inherited)";
				SWIFT_OPTIMIZATION_LEVEL = "-Onone";
			};
			name = Debug;
		};
		6FD2C84A2BCD004000844668 /* Release */ = {
			isa = XCBuildConfiguration;
			buildSettings = {
				ALWAYS_SEARCH_USER_PATHS = NO;
				ASSETCATALOG_COMPILER_GENERATE_SWIFT_ASSET_SYMBOL_EXTENSIONS = YES;
				CLANG_ANALYZER_NONNULL = YES;
				CLANG_ANALYZER_NUMBER_OBJECT_CONVERSION = YES_AGGRESSIVE;
				CLANG_CXX_LANGUAGE_STANDARD = "gnu++20";
				CLANG_ENABLE_MODULES = YES;
				CLANG_ENABLE_OBJC_ARC = YES;
				CLANG_ENABLE_OBJC_WEAK = YES;
				CLANG_WARN_BLOCK_CAPTURE_AUTORELEASING = YES;
				CLANG_WARN_BOOL_CONVERSION = YES;
				CLANG_WARN_COMMA = YES;
				CLANG_WARN_CONSTANT_CONVERSION = YES;
				CLANG_WARN_DEPRECATED_OBJC_IMPLEMENTATIONS = YES;
				CLANG_WARN_DIRECT_OBJC_ISA_USAGE = YES_ERROR;
				CLANG_WARN_DOCUMENTATION_COMMENTS = YES;
				CLANG_WARN_EMPTY_BODY = YES;
				CLANG_WARN_ENUM_CONVERSION = YES;
				CLANG_WARN_INFINITE_RECURSION = YES;
				CLANG_WARN_INT_CONVERSION = YES;
				CLANG_WARN_NON_LITERAL_NULL_CONVERSION = YES;
				CLANG_WARN_OBJC_IMPLICIT_RETAIN_SELF = YES;
				CLANG_WARN_OBJC_LITERAL_CONVERSION = YES;
				CLANG_WARN_OBJC_ROOT_CLASS = YES_ERROR;
				CLANG_WARN_QUOTED_INCLUDE_IN_FRAMEWORK_HEADER = YES;
				CLANG_WARN_RANGE_LOOP_ANALYSIS = YES;
				CLANG_WARN_STRICT_PROTOTYPES = YES;
				CLANG_WARN_SUSPICIOUS_MOVE = YES;
				CLANG_WARN_UNGUARDED_AVAILABILITY = YES_AGGRESSIVE;
				CLANG_WARN_UNREACHABLE_CODE = YES;
				CLANG_WARN__DUPLICATE_METHOD_MATCH = YES;
				COPY_PHASE_STRIP = NO;
				DEBUG_INFORMATION_FORMAT = "dwarf-with-dsym";
				ENABLE_NS_ASSERTIONS = NO;
				ENABLE_STRICT_OBJC_MSGSEND = YES;
				ENABLE_USER_SCRIPT_SANDBOXING = YES;
				GCC_C_LANGUAGE_STANDARD = gnu17;
				GCC_NO_COMMON_BLOCKS = YES;
				GCC_WARN_64_TO_32_BIT_CONVERSION = YES;
				GCC_WARN_ABOUT_RETURN_TYPE = YES_ERROR;
				GCC_WARN_UNDECLARED_SELECTOR = YES;
				GCC_WARN_UNINITIALIZED_AUTOS = YES_AGGRESSIVE;
				GCC_WARN_UNUSED_FUNCTION = YES;
				GCC_WARN_UNUSED_VARIABLE = YES;
				IPHONEOS_DEPLOYMENT_TARGET = 17.4;
				LOCALIZATION_PREFERS_STRING_CATALOGS = YES;
				MTL_ENABLE_DEBUG_INFO = NO;
				MTL_FAST_MATH = YES;
				SDKROOT = iphoneos;
				SWIFT_COMPILATION_MODE = wholemodule;
				VALIDATE_PRODUCT = YES;
			};
			name = Release;
		};
		6FD2C84C2BCD004000844668 /* Debug */ = {
			isa = XCBuildConfiguration;
			buildSettings = {
				ASSETCATALOG_COMPILER_APPICON_NAME = AppIcon;
				ASSETCATALOG_COMPILER_GLOBAL_ACCENT_COLOR_NAME = AccentColor;
				CODE_SIGN_STYLE = Automatic;
				CURRENT_PROJECT_VERSION = 1;
				DEVELOPMENT_ASSET_PATHS = "\"Colorama/Preview Content\"";
				DEVELOPMENT_TEAM = 548ZQR4ZZN;
				ENABLE_PREVIEWS = YES;
				GENERATE_INFOPLIST_FILE = YES;
				INFOPLIST_KEY_UIApplicationSceneManifest_Generation = YES;
				INFOPLIST_KEY_UIApplicationSupportsIndirectInputEvents = YES;
				INFOPLIST_KEY_UILaunchScreen_Generation = YES;
				INFOPLIST_KEY_UISupportedInterfaceOrientations_iPad = "UIInterfaceOrientationPortrait UIInterfaceOrientationPortraitUpsideDown UIInterfaceOrientationLandscapeLeft UIInterfaceOrientationLandscapeRight";
				INFOPLIST_KEY_UISupportedInterfaceOrientations_iPhone = "UIInterfaceOrientationPortrait UIInterfaceOrientationLandscapeLeft UIInterfaceOrientationLandscapeRight";
				IPHONEOS_DEPLOYMENT_TARGET = 18.0;
				LD_RUNPATH_SEARCH_PATHS = (
					"$(inherited)",
					"@executable_path/Frameworks",
				);
				MARKETING_VERSION = 1.0;
				PRODUCT_BUNDLE_IDENTIFIER = dev.jlucea.Colorama;
				PRODUCT_NAME = "$(TARGET_NAME)";
				SWIFT_EMIT_LOC_STRINGS = YES;
				SWIFT_VERSION = 5.0;
				TARGETED_DEVICE_FAMILY = "1,2";
			};
			name = Debug;
		};
		6FD2C84D2BCD004000844668 /* Release */ = {
			isa = XCBuildConfiguration;
			buildSettings = {
				ASSETCATALOG_COMPILER_APPICON_NAME = AppIcon;
				ASSETCATALOG_COMPILER_GLOBAL_ACCENT_COLOR_NAME = AccentColor;
				CODE_SIGN_STYLE = Automatic;
				CURRENT_PROJECT_VERSION = 1;
				DEVELOPMENT_ASSET_PATHS = "\"Colorama/Preview Content\"";
				DEVELOPMENT_TEAM = 548ZQR4ZZN;
				ENABLE_PREVIEWS = YES;
				GENERATE_INFOPLIST_FILE = YES;
				INFOPLIST_KEY_UIApplicationSceneManifest_Generation = YES;
				INFOPLIST_KEY_UIApplicationSupportsIndirectInputEvents = YES;
				INFOPLIST_KEY_UILaunchScreen_Generation = YES;
				INFOPLIST_KEY_UISupportedInterfaceOrientations_iPad = "UIInterfaceOrientationPortrait UIInterfaceOrientationPortraitUpsideDown UIInterfaceOrientationLandscapeLeft UIInterfaceOrientationLandscapeRight";
				INFOPLIST_KEY_UISupportedInterfaceOrientations_iPhone = "UIInterfaceOrientationPortrait UIInterfaceOrientationLandscapeLeft UIInterfaceOrientationLandscapeRight";
				IPHONEOS_DEPLOYMENT_TARGET = 18.0;
				LD_RUNPATH_SEARCH_PATHS = (
					"$(inherited)",
					"@executable_path/Frameworks",
				);
				MARKETING_VERSION = 1.0;
				PRODUCT_BUNDLE_IDENTIFIER = dev.jlucea.Colorama;
				PRODUCT_NAME = "$(TARGET_NAME)";
				SWIFT_EMIT_LOC_STRINGS = YES;
				SWIFT_VERSION = 5.0;
				TARGETED_DEVICE_FAMILY = "1,2";
			};
			name = Release;
		};
/* End XCBuildConfiguration section */

/* Begin XCConfigurationList section */
		6FD2C8382BCD003F00844668 /* Build configuration list for PBXProject "Colorama" */ = {
			isa = XCConfigurationList;
			buildConfigurations = (
				6FD2C8492BCD004000844668 /* Debug */,
				6FD2C84A2BCD004000844668 /* Release */,
			);
			defaultConfigurationIsVisible = 0;
			defaultConfigurationName = Release;
		};
		6FD2C84B2BCD004000844668 /* Build configuration list for PBXNativeTarget "Colorama" */ = {
			isa = XCConfigurationList;
			buildConfigurations = (
				6FD2C84C2BCD004000844668 /* Debug */,
				6FD2C84D2BCD004000844668 /* Release */,
			);
			defaultConfigurationIsVisible = 0;
			defaultConfigurationName = Release;
		};
/* End XCConfigurationList section */
	};
	rootObject = 6FD2C8352BCD003F00844668 /* Project object */;
}
